
Microsoft Visual Studio Solution File, Format Version 12.00
# Visual Studio Version 16
VisualStudioVersion = 16.0.32413.511
MinimumVisualStudioVersion = 10.0.40219.1
Project("{9A19103F-16F7-4668-BE54-9A1E7A4F7556}") = "PatikaModelOdevi", "PatikaModelOdevi\PatikaModelOdevi.csproj", "{AE89B260-6AB4-49D4-8223-43BD80147F53}"
EndProject
Project("{2150E333-8FDC-42A3-9474-1A3956D46DE8}") = "Tests", "Tests", "{6F6807E9-429B-40D5-9C7E-CE66993B65EB}"
EndProject
Project("{FAE04EC0-301F-11D3-BF4B-00C04F79EFBC}") = "WebApi.UnitTests", "WebApi.UnitTests\WebApi.UnitTests.csproj", "{EF18DDCA-EA2F-4CB9-8723-3ACF1FB5B993}"
EndProject
Global
	GlobalSection(SolutionConfigurationPlatforms) = preSolution
		Debug|Any CPU = Debug|Any CPU
		Release|Any CPU = Release|Any CPU
	EndGlobalSection
	GlobalSection(ProjectConfigurationPlatforms) = postSolution
		{AE89B260-6AB4-49D4-8223-43BD80147F53}.Debug|Any CPU.ActiveCfg = Debug|Any CPU
		{AE89B260-6AB4-49D4-8223-43BD80147F53}.Debug|Any CPU.Build.0 = Debug|Any CPU
		{AE89B260-6AB4-49D4-8223-43BD80147F53}.Release|Any CPU.ActiveCfg = Release|Any CPU
		{AE89B260-6AB4-49D4-8223-43BD80147F53}.Release|Any CPU.Build.0 = Release|Any CPU
		{EF18DDCA-EA2F-4CB9-8723-3ACF1FB5B993}.Debug|Any CPU.ActiveCfg = Debug|Any CPU
		{EF18DDCA-EA2F-4CB9-8723-3ACF1FB5B993}.Debug|Any CPU.Build.0 = Debug|Any CPU
		{EF18DDCA-EA2F-4CB9-8723-3ACF1FB5B993}.Release|Any CPU.ActiveCfg = Release|Any CPU
		{EF18DDCA-EA2F-4CB9-8723-3ACF1FB5B993}.Release|Any CPU.Build.0 = Release|Any CPU
	EndGlobalSection
	GlobalSection(SolutionProperties) = preSolution
		HideSolutionNode = FALSE
	EndGlobalSection
	GlobalSection(NestedProjects) = preSolution
		{EF18DDCA-EA2F-4CB9-8723-3ACF1FB5B993} = {6F6807E9-429B-40D5-9C7E-CE66993B65EB}
	EndGlobalSection
	GlobalSection(ExtensibilityGlobals) = postSolution
		SolutionGuid = {5BD3B99E-AD88-4669-9D37-0B6A5BCB4BB0}
	EndGlobalSection
EndGlobal
